# This file is automatically @generated by Cargo.
# It is not intended for manual editing.
version = 3

[[package]]
name = "test-rust-app"
version = "0.1.0"
dependencies = [
 "clap",
 "serde",
 "serde_json",
 "tokio",
]

[[package]]
name = "clap"
version = "4.4.0"
source = "registry+https://github.com/rust-lang/crates.io-index"
checksum = "abc123def456"
dependencies = [
 "clap_derive",
]

[[package]]
name = "clap_derive"
version = "4.4.0"
source = "registry+https://github.com/rust-lang/crates.io-index"
checksum = "def456abc789"

[[package]]
name = "serde"
version = "1.0.188"
source = "registry+https://github.com/rust-lang/crates.io-index"
checksum = "ghi789jkl012"
dependencies = [
 "serde_derive",
]

[[package]]
name = "serde_derive"
version = "1.0.188"
source = "registry+https://github.com/rust-lang/crates.io-index"
checksum = "jkl012mno345"

[[package]]
name = "serde_json"
version = "1.0.107"
source = "registry+https://github.com/rust-lang/crates.io-index"
checksum = "mno345pqr678"
dependencies = [
 "itoa",
 "ryu",
 "serde",
]

[[package]]
name = "tokio"
version = "1.32.0"
source = "registry+https://github.com/rust-lang/crates.io-index"
checksum = "pqr678stu901"
dependencies = [
 "pin-project-lite",
]

[[package]]
name = "itoa"
version = "1.0.9"
source = "registry+https://github.com/rust-lang/crates.io-index"
checksum = "stu901vwx234"

[[package]]
name = "ryu"
version = "1.0.15"
source = "registry+https://github.com/rust-lang/crates.io-index"
checksum = "vwx234yza567"

[[package]]
name = "pin-project-lite"
version = "0.2.13"
source = "registry+https://github.com/rust-lang/crates.io-index"
checksum = "yza567bcd890"
