lockfileVersion: '9.0'

settings:
  autoInstallPeers: true
  excludeLinksFromLockfile: false

importers:

  .:
    dependencies:
      lodash:
        specifier: 4.17.21
        version: 4.17.21
    devDependencies:
      assert:
        specifier: 1.5.0
        version: 1.5.0

packages:

  assert@1.5.0:
    resolution: {integrity: sha512-EDsgawzwoun2CZkCgtxJbv392v4nbk9XDD06zI+kQYoBM/3RBWLlEyJARDOmhAAosBjWACEkKL6S+lIZtcAubA==}

  inherits@2.0.1:
    resolution: {integrity: sha512-8nWq2nLTAwd02jTqJExUYFSD/fKq6VH9Y/oG2accc/kdI0V98Bag8d5a4gi3XHz73rDWa2PvTtvcWYquKqSENA==}

  lodash@4.17.21:
    resolution: {integrity: sha512-v2kDEe57lecTulaDIuNTPy3Ry4gLGJ6Z1O3vE1krgXZNrsQ+LFTGHVxVjcXPs17LhbZVGedAJv8XZ1tvj5FvSg==}

  object-assign@4.1.1:
    resolution: {integrity: sha512-rJgTQnkUnH1sFw8yT6VSU3zD3sWmu6sZhIseY8VX+GRu3P6F7Fu+JNDoXfklElbLJSnc3FUQHVe4cU5hj+BcUg==}
    engines: {node: '>=0.10.0'}

  util@0.10.3:
    resolution: {integrity: sha512-5KiHfsmkqacuKjkRkdV7SsfDJ2EGiPsK92s2MhNSY0craxjTdKTtqKsJaCWp4LW33ZZ0OPUv1WO/TFvNQRiQxQ==}

snapshots:

  assert@1.5.0:
    dependencies:
      object-assign: 4.1.1
      util: 0.10.3

  inherits@2.0.1: {}

  lodash@4.17.21: {}

  object-assign@4.1.1: {}

  util@0.10.3:
    dependencies:
      inherits: 2.0.1
