github.com/spf13/cobra v1.7.0 h1:example123
github.com/spf13/cobra v1.7.0/go.mod h1:example456
github.com/spf13/viper v1.16.0 h1:example789
github.com/spf13/viper v1.16.0/go.mod h1:exampleabc
gopkg.in/yaml.v3 v3.0.1 h1:exampledef
gopkg.in/yaml.v3 v3.0.1/go.mod h1:exampleghi
github.com/pkg/errors v0.9.1 h1:examplejkl
github.com/pkg/errors v0.9.1/go.mod h1:examplemno
github.com/fsnotify/fsnotify v1.6.0 h1:examplepqr
github.com/hashicorp/hcl v1.0.0 h1:examplestu
