{
  "name": "optimize-test-fixture-npm",
  "version": "1.0.0",
  "lockfileVersion": 3,
  "requires": true,
  "packages": {
    "": {
      "name": "optimize-test-fixture-npm",
      "version": "1.0.0",
      "license": "ISC",
      "dependencies": {
        "gopd": "npm:@socketregistry/gopd@^1"
      },
      "devDependencies": {
        "axios": "1.3.2"
      }
    }
  }
}